// !$*UTF8*$!
{
	archiveVersion = 1;
	classes = {
	};
	objectVersion = 46;
	objects = {

/* Begin PBXBuildFile section */
		840A5008169D6F70000EDCFA /* UIKit.framework in Frameworks */ = {isa = PBXBuildFile; fileRef = 840A5007169D6F70000EDCFA /* UIKit.framework */; };
		840A500A169D6F70000EDCFA /* Foundation.framework in Frameworks */ = {isa = PBXBuildFile; fileRef = 840A5009169D6F70000EDCFA /* Foundation.framework */; };
		840A500C169D6F70000EDCFA /* CoreGraphics.framework in Frameworks */ = {isa = PBXBuildFile; fileRef = 840A500B169D6F70000EDCFA /* CoreGraphics.framework */; };
		840A5012169D6F70000EDCFA /* InfoPlist.strings in Resources */ = {isa = PBXBuildFile; fileRef = 840A5010169D6F70000EDCFA /* InfoPlist.strings */; };
		840A5014169D6F70000EDCFA /* main.m in Sources */ = {isa = PBXBuildFile; fileRef = 840A5013169D6F70000EDCFA /* main.m */; };
		840A5018169D6F70000EDCFA /* PAAppDelegate.m in Sources */ = {isa = PBXBuildFile; fileRef = 840A5017169D6F70000EDCFA /* PAAppDelegate.m */; };
		840A501A169D6F70000EDCFA /* Default.png in Resources */ = {isa = PBXBuildFile; fileRef = 840A5019169D6F70000EDCFA /* Default.png */; };
		840A501C169D6F70000EDCFA /* Default@2x.png in Resources */ = {isa = PBXBuildFile; fileRef = 840A501B169D6F70000EDCFA /* Default@2x.png */; };
		840A501E169D6F70000EDCFA /* Default-568h@2x.png in Resources */ = {isa = PBXBuildFile; fileRef = 840A501D169D6F70000EDCFA /* Default-568h@2x.png */; };
		840A5021169D6F70000EDCFA /* PAViewController.m in Sources */ = {isa = PBXBuildFile; fileRef = 840A5020169D6F70000EDCFA /* PAViewController.m */; };
		840A5024169D6F70000EDCFA /* PAViewController.xib in Resources */ = {isa = PBXBuildFile; fileRef = 840A5022169D6F70000EDCFA /* PAViewController.xib */; };
		840A503E169D7C31000EDCFA /* PADrawYourPainViewController.m in Sources */ = {isa = PBXBuildFile; fileRef = 840A503C169D7C31000EDCFA /* PADrawYourPainViewController.m */; };
		840A503F169D7C31000EDCFA /* PADrawYourPainViewController.xib in Resources */ = {isa = PBXBuildFile; fileRef = 840A503D169D7C31000EDCFA /* PADrawYourPainViewController.xib */; };
		840A504A169D7D89000EDCFA /* FullBody.png in Resources */ = {isa = PBXBuildFile; fileRef = 840A5049169D7D89000EDCFA /* FullBody.png */; };
		840A5053169D8A0C000EDCFA /* PADescribeYourPainViewController.m in Sources */ = {isa = PBXBuildFile; fileRef = 840A5051169D8A0C000EDCFA /* PADescribeYourPainViewController.m */; };
		840A5054169D8A0C000EDCFA /* PADescribeYourPainViewController.xib in Resources */ = {isa = PBXBuildFile; fileRef = 840A5052169D8A0C000EDCFA /* PADescribeYourPainViewController.xib */; };
		846F462916A010660096F100 /* ACEDrawingView.m in Sources */ = {isa = PBXBuildFile; fileRef = 846F462816A010660096F100 /* ACEDrawingView.m */; };
		848F2C03169EAA8E00F3051F /* FootLeft.png in Resources */ = {isa = PBXBuildFile; fileRef = 848F2BFD169EAA8E00F3051F /* FootLeft.png */; };
		848F2C04169EAA8E00F3051F /* FootRight.png in Resources */ = {isa = PBXBuildFile; fileRef = 848F2BFE169EAA8E00F3051F /* FootRight.png */; };
		848F2C05169EAA8E00F3051F /* HandLeft.png in Resources */ = {isa = PBXBuildFile; fileRef = 848F2BFF169EAA8E00F3051F /* HandLeft.png */; };
		848F2C06169EAA8E00F3051F /* HandRight.png in Resources */ = {isa = PBXBuildFile; fileRef = 848F2C00169EAA8E00F3051F /* HandRight.png */; };
		848F2C07169EAA8E00F3051F /* KneeLeft.png in Resources */ = {isa = PBXBuildFile; fileRef = 848F2C01169EAA8E00F3051F /* KneeLeft.png */; };
		848F2C08169EAA8E00F3051F /* KneeRight.png in Resources */ = {isa = PBXBuildFile; fileRef = 848F2C02169EAA8E00F3051F /* KneeRight.png */; };
		8494A51A169D9F0900E777A3 /* PACenterofYourPainViewController.m in Sources */ = {isa = PBXBuildFile; fileRef = 8494A518169D9F0900E777A3 /* PACenterofYourPainViewController.m */; };
		8494A51B169D9F0900E777A3 /* PACenterofYourPainViewController.xib in Resources */ = {isa = PBXBuildFile; fileRef = 8494A519169D9F0900E777A3 /* PACenterofYourPainViewController.xib */; };
		8494A520169DA27F00E777A3 /* PAConfirmYourPainViewController.m in Sources */ = {isa = PBXBuildFile; fileRef = 8494A51E169DA27F00E777A3 /* PAConfirmYourPainViewController.m */; };
		8494A521169DA27F00E777A3 /* PAConfirmYourPainViewController.xib in Resources */ = {isa = PBXBuildFile; fileRef = 8494A51F169DA27F00E777A3 /* PAConfirmYourPainViewController.xib */; };
		8496C9C516B03672001E5E47 /* MapKit.framework in Frameworks */ = {isa = PBXBuildFile; fileRef = 8496C9C416B03672001E5E47 /* MapKit.framework */; };
		8498B14616AD6019002779D0 /* QuartzCore.framework in Frameworks */ = {isa = PBXBuildFile; fileRef = 8498B14516AD6019002779D0 /* QuartzCore.framework */; };
		8498B14916AD60A3002779D0 /* ImageIO.framework in Frameworks */ = {isa = PBXBuildFile; fileRef = 8498B14816AD60A3002779D0 /* ImageIO.framework */; };
		849B54B716A2E4E900DFCE1F /* human_body.png in Resources */ = {isa = PBXBuildFile; fileRef = 849B54B616A2E4E900DFCE1F /* human_body.png */; };
		849B54B916A2E4F300DFCE1F /* Default-Landscape~ipad.png in Resources */ = {isa = PBXBuildFile; fileRef = 849B54B816A2E4F300DFCE1F /* Default-Landscape~ipad.png */; };
		849B54BB16A2E4F700DFCE1F /* Default-Landscape@2x~ipad.png in Resources */ = {isa = PBXBuildFile; fileRef = 849B54BA16A2E4F700DFCE1F /* Default-Landscape@2x~ipad.png */; };
		849B54C416A2E7EE00DFCE1F /* heart.png in Resources */ = {isa = PBXBuildFile; fileRef = 849B54C316A2E7EE00DFCE1F /* heart.png */; };
		849B54C616A2E7F300DFCE1F /* heart.png in Resources */ = {isa = PBXBuildFile; fileRef = 849B54C516A2E7F300DFCE1F /* heart.png */; };
		84DD191516AEA75C00B48A06 /* MobileCoreServices.framework in Frameworks */ = {isa = PBXBuildFile; fileRef = 84DD191416AEA75C00B48A06 /* MobileCoreServices.framework */; };
/* End PBXBuildFile section */

/* Begin PBXFileReference section */
		840A5003169D6F70000EDCFA /* PainAssessment.app */ = {isa = PBXFileReference; explicitFileType = wrapper.application; includeInIndex = 0; path = PainAssessment.app; sourceTree = BUILT_PRODUCTS_DIR; };
		840A5007169D6F70000EDCFA /* UIKit.framework */ = {isa = PBXFileReference; lastKnownFileType = wrapper.framework; name = UIKit.framework; path = System/Library/Frameworks/UIKit.framework; sourceTree = SDKROOT; };
		840A5009169D6F70000EDCFA /* Foundation.framework */ = {isa = PBXFileReference; lastKnownFileType = wrapper.framework; name = Foundation.framework; path = System/Library/Frameworks/Foundation.framework; sourceTree = SDKROOT; };
		840A500B169D6F70000EDCFA /* CoreGraphics.framework */ = {isa = PBXFileReference; lastKnownFileType = wrapper.framework; name = CoreGraphics.framework; path = System/Library/Frameworks/CoreGraphics.framework; sourceTree = SDKROOT; };
		840A500F169D6F70000EDCFA /* PainAssessment-Info.plist */ = {isa = PBXFileReference; lastKnownFileType = text.plist.xml; path = "PainAssessment-Info.plist"; sourceTree = "<group>"; };
		840A5011169D6F70000EDCFA /* en */ = {isa = PBXFileReference; lastKnownFileType = text.plist.strings; name = en; path = en.lproj/InfoPlist.strings; sourceTree = "<group>"; };
		840A5013169D6F70000EDCFA /* main.m */ = {isa = PBXFileReference; lastKnownFileType = sourcecode.c.objc; path = main.m; sourceTree = "<group>"; };
		840A5015169D6F70000EDCFA /* PainAssessment-Prefix.pch */ = {isa = PBXFileReference; lastKnownFileType = sourcecode.c.h; path = "PainAssessment-Prefix.pch"; sourceTree = "<group>"; };
		840A5016169D6F70000EDCFA /* PAAppDelegate.h */ = {isa = PBXFileReference; lastKnownFileType = sourcecode.c.h; path = PAAppDelegate.h; sourceTree = "<group>"; };
		840A5017169D6F70000EDCFA /* PAAppDelegate.m */ = {isa = PBXFileReference; lastKnownFileType = sourcecode.c.objc; path = PAAppDelegate.m; sourceTree = "<group>"; };
		840A5019169D6F70000EDCFA /* Default.png */ = {isa = PBXFileReference; lastKnownFileType = image.png; path = Default.png; sourceTree = "<group>"; };
		840A501B169D6F70000EDCFA /* Default@2x.png */ = {isa = PBXFileReference; lastKnownFileType = image.png; path = "Default@2x.png"; sourceTree = "<group>"; };
		840A501D169D6F70000EDCFA /* Default-568h@2x.png */ = {isa = PBXFileReference; lastKnownFileType = image.png; path = "Default-568h@2x.png"; sourceTree = "<group>"; };
		840A501F169D6F70000EDCFA /* PAViewController.h */ = {isa = PBXFileReference; lastKnownFileType = sourcecode.c.h; path = PAViewController.h; sourceTree = "<group>"; };
		840A5020169D6F70000EDCFA /* PAViewController.m */ = {isa = PBXFileReference; lastKnownFileType = sourcecode.c.objc; path = PAViewController.m; sourceTree = "<group>"; };
		840A5023169D6F70000EDCFA /* en */ = {isa = PBXFileReference; lastKnownFileType = file.xib; name = en; path = en.lproj/PAViewController.xib; sourceTree = "<group>"; };
		840A503B169D7C31000EDCFA /* PADrawYourPainViewController.h */ = {isa = PBXFileReference; fileEncoding = 4; lastKnownFileType = sourcecode.c.h; path = PADrawYourPainViewController.h; sourceTree = "<group>"; };
		840A503C169D7C31000EDCFA /* PADrawYourPainViewController.m */ = {isa = PBXFileReference; fileEncoding = 4; lastKnownFileType = sourcecode.c.objc; path = PADrawYourPainViewController.m; sourceTree = "<group>"; };
		840A503D169D7C31000EDCFA /* PADrawYourPainViewController.xib */ = {isa = PBXFileReference; fileEncoding = 4; lastKnownFileType = file.xib; path = PADrawYourPainViewController.xib; sourceTree = "<group>"; };
		840A5049169D7D89000EDCFA /* FullBody.png */ = {isa = PBXFileReference; lastKnownFileType = image.png; path = FullBody.png; sourceTree = "<group>"; };
		840A5050169D8A0C000EDCFA /* PADescribeYourPainViewController.h */ = {isa = PBXFileReference; fileEncoding = 4; lastKnownFileType = sourcecode.c.h; path = PADescribeYourPainViewController.h; sourceTree = "<group>"; };
		840A5051169D8A0C000EDCFA /* PADescribeYourPainViewController.m */ = {isa = PBXFileReference; fileEncoding = 4; lastKnownFileType = sourcecode.c.objc; path = PADescribeYourPainViewController.m; sourceTree = "<group>"; };
		840A5052169D8A0C000EDCFA /* PADescribeYourPainViewController.xib */ = {isa = PBXFileReference; fileEncoding = 4; lastKnownFileType = file.xib; path = PADescribeYourPainViewController.xib; sourceTree = "<group>"; };
		846F462716A010660096F100 /* ACEDrawingView.h */ = {isa = PBXFileReference; fileEncoding = 4; lastKnownFileType = sourcecode.c.h; path = ACEDrawingView.h; sourceTree = "<group>"; };
		846F462816A010660096F100 /* ACEDrawingView.m */ = {isa = PBXFileReference; fileEncoding = 4; lastKnownFileType = sourcecode.c.objc; path = ACEDrawingView.m; sourceTree = "<group>"; };
		848F2BFD169EAA8E00F3051F /* FootLeft.png */ = {isa = PBXFileReference; lastKnownFileType = image.png; path = FootLeft.png; sourceTree = "<group>"; };
		848F2BFE169EAA8E00F3051F /* FootRight.png */ = {isa = PBXFileReference; lastKnownFileType = image.png; path = FootRight.png; sourceTree = "<group>"; };
		848F2BFF169EAA8E00F3051F /* HandLeft.png */ = {isa = PBXFileReference; lastKnownFileType = image.png; path = HandLeft.png; sourceTree = "<group>"; };
		848F2C00169EAA8E00F3051F /* HandRight.png */ = {isa = PBXFileReference; lastKnownFileType = image.png; path = HandRight.png; sourceTree = "<group>"; };
		848F2C01169EAA8E00F3051F /* KneeLeft.png */ = {isa = PBXFileReference; lastKnownFileType = image.png; path = KneeLeft.png; sourceTree = "<group>"; };
		848F2C02169EAA8E00F3051F /* KneeRight.png */ = {isa = PBXFileReference; lastKnownFileType = image.png; path = KneeRight.png; sourceTree = "<group>"; };
		8494A517169D9F0900E777A3 /* PACenterofYourPainViewController.h */ = {isa = PBXFileReference; fileEncoding = 4; lastKnownFileType = sourcecode.c.h; path = PACenterofYourPainViewController.h; sourceTree = "<group>"; };
		8494A518169D9F0900E777A3 /* PACenterofYourPainViewController.m */ = {isa = PBXFileReference; fileEncoding = 4; lastKnownFileType = sourcecode.c.objc; path = PACenterofYourPainViewController.m; sourceTree = "<group>"; };
		8494A519169D9F0900E777A3 /* PACenterofYourPainViewController.xib */ = {isa = PBXFileReference; fileEncoding = 4; lastKnownFileType = file.xib; path = PACenterofYourPainViewController.xib; sourceTree = "<group>"; };
		8494A51D169DA27F00E777A3 /* PAConfirmYourPainViewController.h */ = {isa = PBXFileReference; fileEncoding = 4; lastKnownFileType = sourcecode.c.h; path = PAConfirmYourPainViewController.h; sourceTree = "<group>"; };
		8494A51E169DA27F00E777A3 /* PAConfirmYourPainViewController.m */ = {isa = PBXFileReference; fileEncoding = 4; lastKnownFileType = sourcecode.c.objc; path = PAConfirmYourPainViewController.m; sourceTree = "<group>"; };
		8494A51F169DA27F00E777A3 /* PAConfirmYourPainViewController.xib */ = {isa = PBXFileReference; fileEncoding = 4; lastKnownFileType = file.xib; path = PAConfirmYourPainViewController.xib; sourceTree = "<group>"; };
		8496C9C416B03672001E5E47 /* MapKit.framework */ = {isa = PBXFileReference; lastKnownFileType = wrapper.framework; name = MapKit.framework; path = System/Library/Frameworks/MapKit.framework; sourceTree = SDKROOT; };
		8498B14516AD6019002779D0 /* QuartzCore.framework */ = {isa = PBXFileReference; lastKnownFileType = wrapper.framework; name = QuartzCore.framework; path = System/Library/Frameworks/QuartzCore.framework; sourceTree = SDKROOT; };
		8498B14816AD60A3002779D0 /* ImageIO.framework */ = {isa = PBXFileReference; lastKnownFileType = wrapper.framework; name = ImageIO.framework; path = System/Library/Frameworks/ImageIO.framework; sourceTree = SDKROOT; };
		849B54B616A2E4E900DFCE1F /* human_body.png */ = {isa = PBXFileReference; lastKnownFileType = image.png; name = human_body.png; path = PainAssessment/human_body.png; sourceTree = "<group>"; };
		849B54B816A2E4F300DFCE1F /* Default-Landscape~ipad.png */ = {isa = PBXFileReference; lastKnownFileType = image.png; path = "Default-Landscape~ipad.png"; sourceTree = "<group>"; };
		849B54BA16A2E4F700DFCE1F /* Default-Landscape@2x~ipad.png */ = {isa = PBXFileReference; lastKnownFileType = image.png; path = "Default-Landscape@2x~ipad.png"; sourceTree = "<group>"; };
		849B54C316A2E7EE00DFCE1F /* heart.png */ = {isa = PBXFileReference; lastKnownFileType = image.png; name = heart.png; path = PainAssessment/heart.png; sourceTree = "<group>"; };
		849B54C516A2E7F300DFCE1F /* heart.png */ = {isa = PBXFileReference; lastKnownFileType = image.png; path = heart.png; sourceTree = "<group>"; };
		84DD191416AEA75C00B48A06 /* MobileCoreServices.framework */ = {isa = PBXFileReference; lastKnownFileType = wrapper.framework; name = MobileCoreServices.framework; path = System/Library/Frameworks/MobileCoreServices.framework; sourceTree = SDKROOT; };
/* End PBXFileReference section */

/* Begin PBXFrameworksBuildPhase section */
		840A5000169D6F70000EDCFA /* Frameworks */ = {
			isa = PBXFrameworksBuildPhase;
			buildActionMask = 2147483647;
			files = (
				8496C9C516B03672001E5E47 /* MapKit.framework in Frameworks */,
				84DD191516AEA75C00B48A06 /* MobileCoreServices.framework in Frameworks */,
				8498B14916AD60A3002779D0 /* ImageIO.framework in Frameworks */,
				8498B14616AD6019002779D0 /* QuartzCore.framework in Frameworks */,
				840A5008169D6F70000EDCFA /* UIKit.framework in Frameworks */,
				840A500A169D6F70000EDCFA /* Foundation.framework in Frameworks */,
				840A500C169D6F70000EDCFA /* CoreGraphics.framework in Frameworks */,
			);
			runOnlyForDeploymentPostprocessing = 0;
		};
/* End PBXFrameworksBuildPhase section */

/* Begin PBXGroup section */
		840A4FF8169D6F70000EDCFA = {
			isa = PBXGroup;
			children = (
				849B54C516A2E7F300DFCE1F /* heart.png */,
				849B54C316A2E7EE00DFCE1F /* heart.png */,
				849B54BA16A2E4F700DFCE1F /* Default-Landscape@2x~ipad.png */,
				849B54B816A2E4F300DFCE1F /* Default-Landscape~ipad.png */,
				849B54B616A2E4E900DFCE1F /* human_body.png */,
				846F462616A010660096F100 /* ACEDrawingView */,
				840A500D169D6F70000EDCFA /* PainAssessment */,
				840A5006169D6F70000EDCFA /* Frameworks */,
				840A5004169D6F70000EDCFA /* Products */,
			);
			sourceTree = "<group>";
		};
		840A5004169D6F70000EDCFA /* Products */ = {
			isa = PBXGroup;
			children = (
				840A5003169D6F70000EDCFA /* PainAssessment.app */,
			);
			name = Products;
			sourceTree = "<group>";
		};
		840A5006169D6F70000EDCFA /* Frameworks */ = {
			isa = PBXGroup;
			children = (
				8496C9C416B03672001E5E47 /* MapKit.framework */,
				84DD191416AEA75C00B48A06 /* MobileCoreServices.framework */,
				8498B14816AD60A3002779D0 /* ImageIO.framework */,
				8498B14516AD6019002779D0 /* QuartzCore.framework */,
				840A5007169D6F70000EDCFA /* UIKit.framework */,
				840A5009169D6F70000EDCFA /* Foundation.framework */,
				840A500B169D6F70000EDCFA /* CoreGraphics.framework */,
			);
			name = Frameworks;
			sourceTree = "<group>";
		};
		840A500D169D6F70000EDCFA /* PainAssessment */ = {
			isa = PBXGroup;
			children = (
				840A503A169D7BDF000EDCFA /* DrawYourPain Class */,
				840A504F169D89EA000EDCFA /* DescribeYourPain Class */,
				8494A516169D9ED400E777A3 /* CenterofYourPain Class */,
				8494A51C169DA25F00E777A3 /* Confirm Your Pain Class */,
				840A5048169D7D89000EDCFA /* images */,
				840A5016169D6F70000EDCFA /* PAAppDelegate.h */,
				840A5017169D6F70000EDCFA /* PAAppDelegate.m */,
				840A501F169D6F70000EDCFA /* PAViewController.h */,
				840A5020169D6F70000EDCFA /* PAViewController.m */,
				840A5022169D6F70000EDCFA /* PAViewController.xib */,
				840A500E169D6F70000EDCFA /* Supporting Files */,
			);
			path = PainAssessment;
			sourceTree = "<group>";
		};
		840A500E169D6F70000EDCFA /* Supporting Files */ = {
			isa = PBXGroup;
			children = (
				840A500F169D6F70000EDCFA /* PainAssessment-Info.plist */,
				840A5010169D6F70000EDCFA /* InfoPlist.strings */,
				840A5013169D6F70000EDCFA /* main.m */,
				840A5015169D6F70000EDCFA /* PainAssessment-Prefix.pch */,
				840A5019169D6F70000EDCFA /* Default.png */,
				840A501B169D6F70000EDCFA /* Default@2x.png */,
				840A501D169D6F70000EDCFA /* Default-568h@2x.png */,
			);
			name = "Supporting Files";
			sourceTree = "<group>";
		};
		840A503A169D7BDF000EDCFA /* DrawYourPain Class */ = {
			isa = PBXGroup;
			children = (
				840A503B169D7C31000EDCFA /* PADrawYourPainViewController.h */,
				840A503C169D7C31000EDCFA /* PADrawYourPainViewController.m */,
				840A503D169D7C31000EDCFA /* PADrawYourPainViewController.xib */,
			);
			name = "DrawYourPain Class";
			sourceTree = "<group>";
		};
		840A5048169D7D89000EDCFA /* images */ = {
			isa = PBXGroup;
			children = (
				848F2BFD169EAA8E00F3051F /* FootLeft.png */,
				848F2BFE169EAA8E00F3051F /* FootRight.png */,
				848F2BFF169EAA8E00F3051F /* HandLeft.png */,
				848F2C00169EAA8E00F3051F /* HandRight.png */,
				848F2C01169EAA8E00F3051F /* KneeLeft.png */,
				848F2C02169EAA8E00F3051F /* KneeRight.png */,
				840A5049169D7D89000EDCFA /* FullBody.png */,
			);
			path = images;
			sourceTree = "<group>";
		};
		840A504F169D89EA000EDCFA /* DescribeYourPain Class */ = {
			isa = PBXGroup;
			children = (
				840A5050169D8A0C000EDCFA /* PADescribeYourPainViewController.h */,
				840A5051169D8A0C000EDCFA /* PADescribeYourPainViewController.m */,
				840A5052169D8A0C000EDCFA /* PADescribeYourPainViewController.xib */,
			);
			name = "DescribeYourPain Class";
			sourceTree = "<group>";
		};
		846F462616A010660096F100 /* ACEDrawingView */ = {
			isa = PBXGroup;
			children = (
				846F462716A010660096F100 /* ACEDrawingView.h */,
				846F462816A010660096F100 /* ACEDrawingView.m */,
			);
			path = ACEDrawingView;
			sourceTree = "<group>";
		};
		8494A516169D9ED400E777A3 /* CenterofYourPain Class */ = {
			isa = PBXGroup;
			children = (
				8494A517169D9F0900E777A3 /* PACenterofYourPainViewController.h */,
				8494A518169D9F0900E777A3 /* PACenterofYourPainViewController.m */,
				8494A519169D9F0900E777A3 /* PACenterofYourPainViewController.xib */,
			);
			name = "CenterofYourPain Class";
			sourceTree = "<group>";
		};
		8494A51C169DA25F00E777A3 /* Confirm Your Pain Class */ = {
			isa = PBXGroup;
			children = (
				8494A51D169DA27F00E777A3 /* PAConfirmYourPainViewController.h */,
				8494A51E169DA27F00E777A3 /* PAConfirmYourPainViewController.m */,
				8494A51F169DA27F00E777A3 /* PAConfirmYourPainViewController.xib */,
			);
			name = "Confirm Your Pain Class";
			sourceTree = "<group>";
		};
/* End PBXGroup section */

/* Begin PBXNativeTarget section */
		840A5002169D6F70000EDCFA /* PainAssessment */ = {
			isa = PBXNativeTarget;
			buildConfigurationList = 840A5027169D6F70000EDCFA /* Build configuration list for PBXNativeTarget "PainAssessment" */;
			buildPhases = (
				840A4FFF169D6F70000EDCFA /* Sources */,
				840A5000169D6F70000EDCFA /* Frameworks */,
				840A5001169D6F70000EDCFA /* Resources */,
			);
			buildRules = (
			);
			dependencies = (
			);
			name = PainAssessment;
			productName = PainAssessment;
			productReference = 840A5003169D6F70000EDCFA /* PainAssessment.app */;
			productType = "com.apple.product-type.application";
		};
/* End PBXNativeTarget section */

/* Begin PBXProject section */
		840A4FFA169D6F70000EDCFA /* Project object */ = {
			isa = PBXProject;
			attributes = {
				CLASSPREFIX = PA;
				LastUpgradeCheck = 0450;
				ORGANIZATIONNAME = Tragvar;
			};
			buildConfigurationList = 840A4FFD169D6F70000EDCFA /* Build configuration list for PBXProject "PainAssessment" */;
			compatibilityVersion = "Xcode 3.2";
			developmentRegion = English;
			hasScannedForEncodings = 0;
			knownRegions = (
				en,
			);
			mainGroup = 840A4FF8169D6F70000EDCFA;
			productRefGroup = 840A5004169D6F70000EDCFA /* Products */;
			projectDirPath = "";
			projectRoot = "";
			targets = (
				840A5002169D6F70000EDCFA /* PainAssessment */,
			);
		};
/* End PBXProject section */

/* Begin PBXResourcesBuildPhase section */
		840A5001169D6F70000EDCFA /* Resources */ = {
			isa = PBXResourcesBuildPhase;
			buildActionMask = 2147483647;
			files = (
				840A5012169D6F70000EDCFA /* InfoPlist.strings in Resources */,
				840A501A169D6F70000EDCFA /* Default.png in Resources */,
				840A501C169D6F70000EDCFA /* Default@2x.png in Resources */,
				840A501E169D6F70000EDCFA /* Default-568h@2x.png in Resources */,
				840A5024169D6F70000EDCFA /* PAViewController.xib in Resources */,
				840A503F169D7C31000EDCFA /* PADrawYourPainViewController.xib in Resources */,
				840A504A169D7D89000EDCFA /* FullBody.png in Resources */,
				840A5054169D8A0C000EDCFA /* PADescribeYourPainViewController.xib in Resources */,
				8494A51B169D9F0900E777A3 /* PACenterofYourPainViewController.xib in Resources */,
				8494A521169DA27F00E777A3 /* PAConfirmYourPainViewController.xib in Resources */,
				848F2C03169EAA8E00F3051F /* FootLeft.png in Resources */,
				848F2C04169EAA8E00F3051F /* FootRight.png in Resources */,
				848F2C05169EAA8E00F3051F /* HandLeft.png in Resources */,
				848F2C06169EAA8E00F3051F /* HandRight.png in Resources */,
				848F2C07169EAA8E00F3051F /* KneeLeft.png in Resources */,
				848F2C08169EAA8E00F3051F /* KneeRight.png in Resources */,
				849B54B716A2E4E900DFCE1F /* human_body.png in Resources */,
				849B54B916A2E4F300DFCE1F /* Default-Landscape~ipad.png in Resources */,
				849B54BB16A2E4F700DFCE1F /* Default-Landscape@2x~ipad.png in Resources */,
				849B54C416A2E7EE00DFCE1F /* heart.png in Resources */,
				849B54C616A2E7F300DFCE1F /* heart.png in Resources */,
			);
			runOnlyForDeploymentPostprocessing = 0;
		};
/* End PBXResourcesBuildPhase section */

/* Begin PBXSourcesBuildPhase section */
		840A4FFF169D6F70000EDCFA /* Sources */ = {
			isa = PBXSourcesBuildPhase;
			buildActionMask = 2147483647;
			files = (
				840A5014169D6F70000EDCFA /* main.m in Sources */,
				840A5018169D6F70000EDCFA /* PAAppDelegate.m in Sources */,
				840A5021169D6F70000EDCFA /* PAViewController.m in Sources */,
				840A503E169D7C31000EDCFA /* PADrawYourPainViewController.m in Sources */,
				840A5053169D8A0C000EDCFA /* PADescribeYourPainViewController.m in Sources */,
				8494A51A169D9F0900E777A3 /* PACenterofYourPainViewController.m in Sources */,
				8494A520169DA27F00E777A3 /* PAConfirmYourPainViewController.m in Sources */,
				846F462916A010660096F100 /* ACEDrawingView.m in Sources */,
			);
			runOnlyForDeploymentPostprocessing = 0;
		};
/* End PBXSourcesBuildPhase section */

/* Begin PBXVariantGroup section */
		840A5010169D6F70000EDCFA /* InfoPlist.strings */ = {
			isa = PBXVariantGroup;
			children = (
				840A5011169D6F70000EDCFA /* en */,
			);
			name = InfoPlist.strings;
			sourceTree = "<group>";
		};
		840A5022169D6F70000EDCFA /* PAViewController.xib */ = {
			isa = PBXVariantGroup;
			children = (
				840A5023169D6F70000EDCFA /* en */,
			);
			name = PAViewController.xib;
			sourceTree = "<group>";
		};
/* End PBXVariantGroup section */

/* Begin XCBuildConfiguration section */
		840A5025169D6F70000EDCFA /* Debug */ = {
			isa = XCBuildConfiguration;
			buildSettings = {
				ALWAYS_SEARCH_USER_PATHS = NO;
				CLANG_CXX_LANGUAGE_STANDARD = "gnu++0x";
				CLANG_CXX_LIBRARY = "libc++";
				CLANG_ENABLE_OBJC_ARC = YES;
				CLANG_WARN_EMPTY_BODY = YES;
				CLANG_WARN__DUPLICATE_METHOD_MATCH = YES;
				"CODE_SIGN_IDENTITY[sdk=iphoneos*]" = "iPhone Developer";
				COPY_PHASE_STRIP = NO;
				GCC_C_LANGUAGE_STANDARD = gnu99;
				GCC_DYNAMIC_NO_PIC = NO;
				GCC_OPTIMIZATION_LEVEL = 0;
				GCC_PREPROCESSOR_DEFINITIONS = (
					"DEBUG=1",
					"$(inherited)",
				);
				GCC_SYMBOLS_PRIVATE_EXTERN = NO;
				GCC_WARN_ABOUT_RETURN_TYPE = YES;
				GCC_WARN_UNINITIALIZED_AUTOS = YES;
				GCC_WARN_UNUSED_VARIABLE = YES;
				IPHONEOS_DEPLOYMENT_TARGET = 5.1;
				ONLY_ACTIVE_ARCH = YES;
				SDKROOT = iphoneos;
				TARGETED_DEVICE_FAMILY = 2;
			};
			name = Debug;
		};
		840A5026169D6F70000EDCFA /* Release */ = {
			isa = XCBuildConfiguration;
			buildSettings = {
				ALWAYS_SEARCH_USER_PATHS = NO;
				CLANG_CXX_LANGUAGE_STANDARD = "gnu++0x";
				CLANG_CXX_LIBRARY = "libc++";
				CLANG_ENABLE_OBJC_ARC = YES;
				CLANG_WARN_EMPTY_BODY = YES;
				CLANG_WARN__DUPLICATE_METHOD_MATCH = YES;
				"CODE_SIGN_IDENTITY[sdk=iphoneos*]" = "iPhone Developer";
				COPY_PHASE_STRIP = YES;
				GCC_C_LANGUAGE_STANDARD = gnu99;
				GCC_WARN_ABOUT_RETURN_TYPE = YES;
				GCC_WARN_UNINITIALIZED_AUTOS = YES;
				GCC_WARN_UNUSED_VARIABLE = YES;
				IPHONEOS_DEPLOYMENT_TARGET = 5.1;
				OTHER_CFLAGS = "-DNS_BLOCK_ASSERTIONS=1";
				SDKROOT = iphoneos;
				TARGETED_DEVICE_FAMILY = 2;
				VALIDATE_PRODUCT = YES;
			};
			name = Release;
		};
		840A5028169D6F70000EDCFA /* Debug */ = {
			isa = XCBuildConfiguration;
			buildSettings = {
				CODE_SIGN_IDENTITY = "iPhone Distribution: Volodymyr Grytsenko";
				"CODE_SIGN_IDENTITY[sdk=iphoneos*]" = "iPhone Distribution: Volodymyr Grytsenko";
				GCC_PRECOMPILE_PREFIX_HEADER = YES;
				GCC_PREFIX_HEADER = "PainAssessment/PainAssessment-Prefix.pch";
				INFOPLIST_FILE = "PainAssessment/PainAssessment-Info.plist";
				IPHONEOS_DEPLOYMENT_TARGET = 6.0;
				PRODUCT_NAME = "$(TARGET_NAME)";
				PROVISIONING_PROFILE = "60C629C0-E086-40E0-BF01-460BFC3CF8BF";
				"PROVISIONING_PROFILE[sdk=iphoneos*]" = "60C629C0-E086-40E0-BF01-460BFC3CF8BF";
				WRAPPER_EXTENSION = app;
			};
			name = Debug;
		};
		840A5029169D6F70000EDCFA /* Release */ = {
			isa = XCBuildConfiguration;
			buildSettings = {
				CODE_SIGN_IDENTITY = "iPhone Distribution: Volodymyr Grytsenko";
				"CODE_SIGN_IDENTITY[sdk=iphoneos*]" = "iPhone Distribution: Volodymyr Grytsenko";
				GCC_PRECOMPILE_PREFIX_HEADER = YES;
				GCC_PREFIX_HEADER = "PainAssessment/PainAssessment-Prefix.pch";
				INFOPLIST_FILE = "PainAssessment/PainAssessment-Info.plist";
				IPHONEOS_DEPLOYMENT_TARGET = 6.0;
				PRODUCT_NAME = "$(TARGET_NAME)";
				PROVISIONING_PROFILE = "60C629C0-E086-40E0-BF01-460BFC3CF8BF";
				"PROVISIONING_PROFILE[sdk=iphoneos*]" = "60C629C0-E086-40E0-BF01-460BFC3CF8BF";
				WRAPPER_EXTENSION = app;
			};
			name = Release;
		};
/* End XCBuildConfiguration section */

/* Begin XCConfigurationList section */
		840A4FFD169D6F70000EDCFA /* Build configuration list for PBXProject "PainAssessment" */ = {
			isa = XCConfigurationList;
			buildConfigurations = (
				840A5025169D6F70000EDCFA /* Debug */,
				840A5026169D6F70000EDCFA /* Release */,
			);
			defaultConfigurationIsVisible = 0;
			defaultConfigurationName = Release;
		};
		840A5027169D6F70000EDCFA /* Build configuration list for PBXNativeTarget "PainAssessment" */ = {
			isa = XCConfigurationList;
			buildConfigurations = (
				840A5028169D6F70000EDCFA /* Debug */,
				840A5029169D6F70000EDCFA /* Release */,
			);
			defaultConfigurationIsVisible = 0;
			defaultConfigurationName = Release;
		};
/* End XCConfigurationList section */
	};
	rootObject = 840A4FFA169D6F70000EDCFA /* Project object */;
}
